
Microsoft Visual Studio Solution File, Format Version 12.00
# Visual Studio Version 17
VisualStudioVersion = 17.12.35506.116
MinimumVisualStudioVersion = 10.0.40219.1
Project("{2150E333-8FDC-42A3-9474-1A3956D46DE8}") = "ShopManagement", "ShopManagement", "{02F78F31-1B12-4C95-BB2B-2B503E817ACA}"
EndProject
Project("{2150E333-8FDC-42A3-9474-1A3956D46DE8}") = "SM.Domain", "SM.Domain", "{5C9EEAD2-169D-4BE9-80D2-63F0F11A45A8}"
EndProject
Project("{FAE04EC0-301F-11D3-BF4B-00C04F79EFBC}") = "ShopManagement.Domain", "ShopManagement.Domain\ShopManagement.Domain.csproj", "{01E0CA35-4670-44FC-B3EB-1F4B94B556F9}"
EndProject
Project("{FAE04EC0-301F-11D3-BF4B-00C04F79EFBC}") = "0_Framework", "0_Framework\0_Framework.csproj", "{C4C57048-F41A-49A9-9140-0B18524BAD5E}"
EndProject
Project("{2150E333-8FDC-42A3-9474-1A3956D46DE8}") = "SM.Application", "SM.Application", "{8C003D27-735E-47B9-A4E8-4D0B04403FC1}"
EndProject
Project("{FAE04EC0-301F-11D3-BF4B-00C04F79EFBC}") = "ShopManagement.Application", "ShopManagement.Application\ShopManagement.Application.csproj", "{D9DB8D99-825D-497B-8E5A-1235AE64F12D}"
EndProject
Project("{FAE04EC0-301F-11D3-BF4B-00C04F79EFBC}") = "ShopManagement.Application.Contacts", "ShopManagement.Application.Contacts\ShopManagement.Application.Contacts.csproj", "{F72A81E9-32BF-407D-B191-66E098EB65AF}"
EndProject
Project("{2150E333-8FDC-42A3-9474-1A3956D46DE8}") = "SM.Infrastructure", "SM.Infrastructure", "{19F134A0-A0B3-424D-BEA9-0103A6D59611}"
EndProject
Project("{FAE04EC0-301F-11D3-BF4B-00C04F79EFBC}") = "ShopManagement.Infrastructure.EFCore", "ShopManagement.Infrastructure.EFCore\ShopManagement.Infrastructure.EFCore.csproj", "{E42CCF38-401B-46C5-A524-055468FA2C1B}"
EndProject
Project("{FAE04EC0-301F-11D3-BF4B-00C04F79EFBC}") = "ShopManagement.Configuration", "ShopManagement.Configuration\ShopManagement.Configuration.csproj", "{3170D17A-5D72-4DA1-9657-0D18DFBE2348}"
EndProject
Project("{FAE04EC0-301F-11D3-BF4B-00C04F79EFBC}") = "ServiceHost", "ServiceHost\ServiceHost.csproj", "{031DBCE9-7CE8-488F-AC9E-722227D717AE}"
EndProject
Project("{FAE04EC0-301F-11D3-BF4B-00C04F79EFBC}") = "01_LampshadeQuery", "01_LampshadeQuery\01_LampshadeQuery.csproj", "{9559E95E-99CC-4316-BBC0-1B7779971A8C}"
EndProject
Project("{2150E333-8FDC-42A3-9474-1A3956D46DE8}") = "DiscountManagement", "DiscountManagement", "{FBFE6602-BE27-41AC-BBA7-0B990E472742}"
EndProject
Project("{2150E333-8FDC-42A3-9474-1A3956D46DE8}") = "DM.Domain", "DM.Domain", "{8E69288D-E3E9-4066-BFDA-ECF29B81FCC6}"
EndProject
Project("{FAE04EC0-301F-11D3-BF4B-00C04F79EFBC}") = "DiscountManagement.Domain", "DiscountManagement.Domain\DiscountManagement.Domain.csproj", "{32DE29B7-4F1F-489D-8D71-12221BDDF915}"
EndProject
Project("{2150E333-8FDC-42A3-9474-1A3956D46DE8}") = "DM.Application", "DM.Application", "{C8A9AA53-185B-41FE-A7C9-D5F0ACA24856}"
EndProject
Project("{FAE04EC0-301F-11D3-BF4B-00C04F79EFBC}") = "DiscountManagement.Applicatiom.Contract", "DiscountManagement.Applicatiom.Contract\DiscountManagement.Applicatiom.Contract.csproj", "{EEDBF67E-8F16-4776-9215-49B89F7F130C}"
EndProject
Project("{FAE04EC0-301F-11D3-BF4B-00C04F79EFBC}") = "DiscountManagement.Application", "DiscountManagement.Application\DiscountManagement.Application.csproj", "{2AC66756-CE8C-4741-BBDC-2E2C254D4041}"
EndProject
Project("{2150E333-8FDC-42A3-9474-1A3956D46DE8}") = "DM.Infrastructure", "DM.Infrastructure", "{7A4520E9-45FD-4E56-9ECC-E0E80901D8D9}"
EndProject
Project("{FAE04EC0-301F-11D3-BF4B-00C04F79EFBC}") = "DiscountManagement.Infrastructure.EfCore", "DiscountManagement.Infrastructure.EfCore\DiscountManagement.Infrastructure.EfCore.csproj", "{52984E5E-264D-4EDF-A69C-DF5154F9A587}"
EndProject
Project("{FAE04EC0-301F-11D3-BF4B-00C04F79EFBC}") = "DiscountManagement.Configuration", "DiscountManagement.Configuration\DiscountManagement.Configuration.csproj", "{05EFA3B4-7ECE-42AE-B149-A4FECD6133C5}"
EndProject
Project("{2150E333-8FDC-42A3-9474-1A3956D46DE8}") = "InventoryManagement", "InventoryManagement", "{CB3B1FE9-F9B1-49AA-B7E1-C570FBC76311}"
EndProject
Project("{2150E333-8FDC-42A3-9474-1A3956D46DE8}") = "IM.Domain", "IM.Domain", "{710D6B30-A3B1-4DE8-8C9D-76D365B841F6}"
EndProject
Project("{FAE04EC0-301F-11D3-BF4B-00C04F79EFBC}") = "InventoryManagement.Domain", "InventoryManagement.Domain\InventoryManagement.Domain.csproj", "{E99B16DD-0CBF-428A-A3AC-3FAE6F96586B}"
EndProject
Project("{2150E333-8FDC-42A3-9474-1A3956D46DE8}") = "IM.Application", "IM.Application", "{EAA93A7A-F4E9-494E-9E2A-265FC9092369}"
EndProject
Project("{FAE04EC0-301F-11D3-BF4B-00C04F79EFBC}") = "InventoryManagement.Application.Contract", "InventoryManagement.Application.Contract\InventoryManagement.Application.Contract.csproj", "{1BF674E1-C21D-4B92-9783-8CF8B44A218C}"
EndProject
Project("{2150E333-8FDC-42A3-9474-1A3956D46DE8}") = "IM.Infrastructure", "IM.Infrastructure", "{34105E7A-0EB6-49B8-AD21-B82F69F4DEC3}"
EndProject
Project("{FAE04EC0-301F-11D3-BF4B-00C04F79EFBC}") = "InventoryManagement.Infrastructure.EFCore", "InventoryManagement.Infrastructure.EFCore\InventoryManagement.Infrastructure.EFCore.csproj", "{EAD18B76-7669-4A84-A08D-16644FBEDE41}"
EndProject
Project("{FAE04EC0-301F-11D3-BF4B-00C04F79EFBC}") = "InventoryManagement.Configuration", "InventoryManagement.Configuration\InventoryManagement.Configuration.csproj", "{7C122C83-A862-4BD4-8028-9128D3C502F4}"
EndProject
Project("{FAE04EC0-301F-11D3-BF4B-00C04F79EFBC}") = "InventoryManagement.Application", "InventoryManagement.Application\InventoryManagement.Application.csproj", "{E58D9D7F-AEB9-4592-B96B-06F4BB839E61}"
EndProject
Project("{2150E333-8FDC-42A3-9474-1A3956D46DE8}") = "BlogManagement", "BlogManagement", "{5FE4605A-D177-4F85-A0D3-1A68478A7EB4}"
EndProject
Project("{2150E333-8FDC-42A3-9474-1A3956D46DE8}") = "BM.Domain", "BM.Domain", "{B06F6F0C-261C-40E9-A799-425C7E81A0CB}"
EndProject
Project("{FAE04EC0-301F-11D3-BF4B-00C04F79EFBC}") = "BlogManagement.Domain", "BlogManagement.Domain\BlogManagement.Domain.csproj", "{EC131129-019E-4C09-B989-F860E1934DA4}"
EndProject
Project("{2150E333-8FDC-42A3-9474-1A3956D46DE8}") = "BM.Application", "BM.Application", "{36408F8F-98AA-4A47-A92F-4C83F8F4A3E1}"
EndProject
Project("{FAE04EC0-301F-11D3-BF4B-00C04F79EFBC}") = "BlogManagement.Application.Contacts", "BlogManagement.Application.Contacts\BlogManagement.Application.Contacts.csproj", "{AD7B72B2-A3FB-4A8C-AF17-1C197AB999A1}"
EndProject
Project("{FAE04EC0-301F-11D3-BF4B-00C04F79EFBC}") = "BlogManagement.Application", "BlogManagement.Application\BlogManagement.Application.csproj", "{BC94A56C-CD3E-4EC4-94B4-68A1B18C3552}"
EndProject
Project("{2150E333-8FDC-42A3-9474-1A3956D46DE8}") = "BM.Infrastructure", "BM.Infrastructure", "{EEE6990C-4C95-4EE7-B510-4FE068F9E632}"
EndProject
Project("{FAE04EC0-301F-11D3-BF4B-00C04F79EFBC}") = "BlogManagement.Infrastructure.EFCore", "BlogManagement.Infrastructure.EFCore\BlogManagement.Infrastructure.EFCore.csproj", "{6D118C0B-8D5D-489E-AA8F-A62EC0D571A9}"
EndProject
Project("{FAE04EC0-301F-11D3-BF4B-00C04F79EFBC}") = "BlogManagement.Configuration", "BlogManagement.Configuration\BlogManagement.Configuration.csproj", "{A86020F3-F376-4E3C-BE79-F9786AB0EA35}"
EndProject
Global
	GlobalSection(SolutionConfigurationPlatforms) = preSolution
		Debug|Any CPU = Debug|Any CPU
		Release|Any CPU = Release|Any CPU
	EndGlobalSection
	GlobalSection(ProjectConfigurationPlatforms) = postSolution
		{01E0CA35-4670-44FC-B3EB-1F4B94B556F9}.Debug|Any CPU.ActiveCfg = Debug|Any CPU
		{01E0CA35-4670-44FC-B3EB-1F4B94B556F9}.Debug|Any CPU.Build.0 = Debug|Any CPU
		{01E0CA35-4670-44FC-B3EB-1F4B94B556F9}.Release|Any CPU.ActiveCfg = Release|Any CPU
		{01E0CA35-4670-44FC-B3EB-1F4B94B556F9}.Release|Any CPU.Build.0 = Release|Any CPU
		{C4C57048-F41A-49A9-9140-0B18524BAD5E}.Debug|Any CPU.ActiveCfg = Debug|Any CPU
		{C4C57048-F41A-49A9-9140-0B18524BAD5E}.Debug|Any CPU.Build.0 = Debug|Any CPU
		{C4C57048-F41A-49A9-9140-0B18524BAD5E}.Release|Any CPU.ActiveCfg = Release|Any CPU
		{C4C57048-F41A-49A9-9140-0B18524BAD5E}.Release|Any CPU.Build.0 = Release|Any CPU
		{D9DB8D99-825D-497B-8E5A-1235AE64F12D}.Debug|Any CPU.ActiveCfg = Debug|Any CPU
		{D9DB8D99-825D-497B-8E5A-1235AE64F12D}.Debug|Any CPU.Build.0 = Debug|Any CPU
		{D9DB8D99-825D-497B-8E5A-1235AE64F12D}.Release|Any CPU.ActiveCfg = Release|Any CPU
		{D9DB8D99-825D-497B-8E5A-1235AE64F12D}.Release|Any CPU.Build.0 = Release|Any CPU
		{F72A81E9-32BF-407D-B191-66E098EB65AF}.Debug|Any CPU.ActiveCfg = Debug|Any CPU
		{F72A81E9-32BF-407D-B191-66E098EB65AF}.Debug|Any CPU.Build.0 = Debug|Any CPU
		{F72A81E9-32BF-407D-B191-66E098EB65AF}.Release|Any CPU.ActiveCfg = Release|Any CPU
		{F72A81E9-32BF-407D-B191-66E098EB65AF}.Release|Any CPU.Build.0 = Release|Any CPU
		{E42CCF38-401B-46C5-A524-055468FA2C1B}.Debug|Any CPU.ActiveCfg = Debug|Any CPU
		{E42CCF38-401B-46C5-A524-055468FA2C1B}.Debug|Any CPU.Build.0 = Debug|Any CPU
		{E42CCF38-401B-46C5-A524-055468FA2C1B}.Release|Any CPU.ActiveCfg = Release|Any CPU
		{E42CCF38-401B-46C5-A524-055468FA2C1B}.Release|Any CPU.Build.0 = Release|Any CPU
		{3170D17A-5D72-4DA1-9657-0D18DFBE2348}.Debug|Any CPU.ActiveCfg = Debug|Any CPU
		{3170D17A-5D72-4DA1-9657-0D18DFBE2348}.Debug|Any CPU.Build.0 = Debug|Any CPU
		{3170D17A-5D72-4DA1-9657-0D18DFBE2348}.Release|Any CPU.ActiveCfg = Release|Any CPU
		{3170D17A-5D72-4DA1-9657-0D18DFBE2348}.Release|Any CPU.Build.0 = Release|Any CPU
		{031DBCE9-7CE8-488F-AC9E-722227D717AE}.Debug|Any CPU.ActiveCfg = Debug|Any CPU
		{031DBCE9-7CE8-488F-AC9E-722227D717AE}.Debug|Any CPU.Build.0 = Debug|Any CPU
		{031DBCE9-7CE8-488F-AC9E-722227D717AE}.Release|Any CPU.ActiveCfg = Release|Any CPU
		{031DBCE9-7CE8-488F-AC9E-722227D717AE}.Release|Any CPU.Build.0 = Release|Any CPU
		{9559E95E-99CC-4316-BBC0-1B7779971A8C}.Debug|Any CPU.ActiveCfg = Debug|Any CPU
		{9559E95E-99CC-4316-BBC0-1B7779971A8C}.Debug|Any CPU.Build.0 = Debug|Any CPU
		{9559E95E-99CC-4316-BBC0-1B7779971A8C}.Release|Any CPU.ActiveCfg = Release|Any CPU
		{9559E95E-99CC-4316-BBC0-1B7779971A8C}.Release|Any CPU.Build.0 = Release|Any CPU
		{32DE29B7-4F1F-489D-8D71-12221BDDF915}.Debug|Any CPU.ActiveCfg = Debug|Any CPU
		{32DE29B7-4F1F-489D-8D71-12221BDDF915}.Debug|Any CPU.Build.0 = Debug|Any CPU
		{32DE29B7-4F1F-489D-8D71-12221BDDF915}.Release|Any CPU.ActiveCfg = Release|Any CPU
		{32DE29B7-4F1F-489D-8D71-12221BDDF915}.Release|Any CPU.Build.0 = Release|Any CPU
		{EEDBF67E-8F16-4776-9215-49B89F7F130C}.Debug|Any CPU.ActiveCfg = Debug|Any CPU
		{EEDBF67E-8F16-4776-9215-49B89F7F130C}.Debug|Any CPU.Build.0 = Debug|Any CPU
		{EEDBF67E-8F16-4776-9215-49B89F7F130C}.Release|Any CPU.ActiveCfg = Release|Any CPU
		{EEDBF67E-8F16-4776-9215-49B89F7F130C}.Release|Any CPU.Build.0 = Release|Any CPU
		{2AC66756-CE8C-4741-BBDC-2E2C254D4041}.Debug|Any CPU.ActiveCfg = Debug|Any CPU
		{2AC66756-CE8C-4741-BBDC-2E2C254D4041}.Debug|Any CPU.Build.0 = Debug|Any CPU
		{2AC66756-CE8C-4741-BBDC-2E2C254D4041}.Release|Any CPU.ActiveCfg = Release|Any CPU
		{2AC66756-CE8C-4741-BBDC-2E2C254D4041}.Release|Any CPU.Build.0 = Release|Any CPU
		{52984E5E-264D-4EDF-A69C-DF5154F9A587}.Debug|Any CPU.ActiveCfg = Debug|Any CPU
		{52984E5E-264D-4EDF-A69C-DF5154F9A587}.Debug|Any CPU.Build.0 = Debug|Any CPU
		{52984E5E-264D-4EDF-A69C-DF5154F9A587}.Release|Any CPU.ActiveCfg = Release|Any CPU
		{52984E5E-264D-4EDF-A69C-DF5154F9A587}.Release|Any CPU.Build.0 = Release|Any CPU
		{05EFA3B4-7ECE-42AE-B149-A4FECD6133C5}.Debug|Any CPU.ActiveCfg = Debug|Any CPU
		{05EFA3B4-7ECE-42AE-B149-A4FECD6133C5}.Debug|Any CPU.Build.0 = Debug|Any CPU
		{05EFA3B4-7ECE-42AE-B149-A4FECD6133C5}.Release|Any CPU.ActiveCfg = Release|Any CPU
		{05EFA3B4-7ECE-42AE-B149-A4FECD6133C5}.Release|Any CPU.Build.0 = Release|Any CPU
		{E99B16DD-0CBF-428A-A3AC-3FAE6F96586B}.Debug|Any CPU.ActiveCfg = Debug|Any CPU
		{E99B16DD-0CBF-428A-A3AC-3FAE6F96586B}.Debug|Any CPU.Build.0 = Debug|Any CPU
		{E99B16DD-0CBF-428A-A3AC-3FAE6F96586B}.Release|Any CPU.ActiveCfg = Release|Any CPU
		{E99B16DD-0CBF-428A-A3AC-3FAE6F96586B}.Release|Any CPU.Build.0 = Release|Any CPU
		{1BF674E1-C21D-4B92-9783-8CF8B44A218C}.Debug|Any CPU.ActiveCfg = Debug|Any CPU
		{1BF674E1-C21D-4B92-9783-8CF8B44A218C}.Debug|Any CPU.Build.0 = Debug|Any CPU
		{1BF674E1-C21D-4B92-9783-8CF8B44A218C}.Release|Any CPU.ActiveCfg = Release|Any CPU
		{1BF674E1-C21D-4B92-9783-8CF8B44A218C}.Release|Any CPU.Build.0 = Release|Any CPU
		{EAD18B76-7669-4A84-A08D-16644FBEDE41}.Debug|Any CPU.ActiveCfg = Debug|Any CPU
		{EAD18B76-7669-4A84-A08D-16644FBEDE41}.Debug|Any CPU.Build.0 = Debug|Any CPU
		{EAD18B76-7669-4A84-A08D-16644FBEDE41}.Release|Any CPU.ActiveCfg = Release|Any CPU
		{EAD18B76-7669-4A84-A08D-16644FBEDE41}.Release|Any CPU.Build.0 = Release|Any CPU
		{7C122C83-A862-4BD4-8028-9128D3C502F4}.Debug|Any CPU.ActiveCfg = Debug|Any CPU
		{7C122C83-A862-4BD4-8028-9128D3C502F4}.Debug|Any CPU.Build.0 = Debug|Any CPU
		{7C122C83-A862-4BD4-8028-9128D3C502F4}.Release|Any CPU.ActiveCfg = Release|Any CPU
		{7C122C83-A862-4BD4-8028-9128D3C502F4}.Release|Any CPU.Build.0 = Release|Any CPU
		{E58D9D7F-AEB9-4592-B96B-06F4BB839E61}.Debug|Any CPU.ActiveCfg = Debug|Any CPU
		{E58D9D7F-AEB9-4592-B96B-06F4BB839E61}.Debug|Any CPU.Build.0 = Debug|Any CPU
		{E58D9D7F-AEB9-4592-B96B-06F4BB839E61}.Release|Any CPU.ActiveCfg = Release|Any CPU
		{E58D9D7F-AEB9-4592-B96B-06F4BB839E61}.Release|Any CPU.Build.0 = Release|Any CPU
		{EC131129-019E-4C09-B989-F860E1934DA4}.Debug|Any CPU.ActiveCfg = Debug|Any CPU
		{EC131129-019E-4C09-B989-F860E1934DA4}.Debug|Any CPU.Build.0 = Debug|Any CPU
		{EC131129-019E-4C09-B989-F860E1934DA4}.Release|Any CPU.ActiveCfg = Release|Any CPU
		{EC131129-019E-4C09-B989-F860E1934DA4}.Release|Any CPU.Build.0 = Release|Any CPU
		{AD7B72B2-A3FB-4A8C-AF17-1C197AB999A1}.Debug|Any CPU.ActiveCfg = Debug|Any CPU
		{AD7B72B2-A3FB-4A8C-AF17-1C197AB999A1}.Debug|Any CPU.Build.0 = Debug|Any CPU
		{AD7B72B2-A3FB-4A8C-AF17-1C197AB999A1}.Release|Any CPU.ActiveCfg = Release|Any CPU
		{AD7B72B2-A3FB-4A8C-AF17-1C197AB999A1}.Release|Any CPU.Build.0 = Release|Any CPU
		{BC94A56C-CD3E-4EC4-94B4-68A1B18C3552}.Debug|Any CPU.ActiveCfg = Debug|Any CPU
		{BC94A56C-CD3E-4EC4-94B4-68A1B18C3552}.Debug|Any CPU.Build.0 = Debug|Any CPU
		{BC94A56C-CD3E-4EC4-94B4-68A1B18C3552}.Release|Any CPU.ActiveCfg = Release|Any CPU
		{BC94A56C-CD3E-4EC4-94B4-68A1B18C3552}.Release|Any CPU.Build.0 = Release|Any CPU
		{6D118C0B-8D5D-489E-AA8F-A62EC0D571A9}.Debug|Any CPU.ActiveCfg = Debug|Any CPU
		{6D118C0B-8D5D-489E-AA8F-A62EC0D571A9}.Debug|Any CPU.Build.0 = Debug|Any CPU
		{6D118C0B-8D5D-489E-AA8F-A62EC0D571A9}.Release|Any CPU.ActiveCfg = Release|Any CPU
		{6D118C0B-8D5D-489E-AA8F-A62EC0D571A9}.Release|Any CPU.Build.0 = Release|Any CPU
		{A86020F3-F376-4E3C-BE79-F9786AB0EA35}.Debug|Any CPU.ActiveCfg = Debug|Any CPU
		{A86020F3-F376-4E3C-BE79-F9786AB0EA35}.Debug|Any CPU.Build.0 = Debug|Any CPU
		{A86020F3-F376-4E3C-BE79-F9786AB0EA35}.Release|Any CPU.ActiveCfg = Release|Any CPU
		{A86020F3-F376-4E3C-BE79-F9786AB0EA35}.Release|Any CPU.Build.0 = Release|Any CPU
	EndGlobalSection
	GlobalSection(SolutionProperties) = preSolution
		HideSolutionNode = FALSE
	EndGlobalSection
	GlobalSection(NestedProjects) = preSolution
		{5C9EEAD2-169D-4BE9-80D2-63F0F11A45A8} = {02F78F31-1B12-4C95-BB2B-2B503E817ACA}
		{01E0CA35-4670-44FC-B3EB-1F4B94B556F9} = {5C9EEAD2-169D-4BE9-80D2-63F0F11A45A8}
		{8C003D27-735E-47B9-A4E8-4D0B04403FC1} = {02F78F31-1B12-4C95-BB2B-2B503E817ACA}
		{D9DB8D99-825D-497B-8E5A-1235AE64F12D} = {8C003D27-735E-47B9-A4E8-4D0B04403FC1}
		{F72A81E9-32BF-407D-B191-66E098EB65AF} = {8C003D27-735E-47B9-A4E8-4D0B04403FC1}
		{19F134A0-A0B3-424D-BEA9-0103A6D59611} = {02F78F31-1B12-4C95-BB2B-2B503E817ACA}
		{E42CCF38-401B-46C5-A524-055468FA2C1B} = {19F134A0-A0B3-424D-BEA9-0103A6D59611}
		{3170D17A-5D72-4DA1-9657-0D18DFBE2348} = {19F134A0-A0B3-424D-BEA9-0103A6D59611}
		{8E69288D-E3E9-4066-BFDA-ECF29B81FCC6} = {FBFE6602-BE27-41AC-BBA7-0B990E472742}
		{32DE29B7-4F1F-489D-8D71-12221BDDF915} = {8E69288D-E3E9-4066-BFDA-ECF29B81FCC6}
		{C8A9AA53-185B-41FE-A7C9-D5F0ACA24856} = {FBFE6602-BE27-41AC-BBA7-0B990E472742}
		{EEDBF67E-8F16-4776-9215-49B89F7F130C} = {C8A9AA53-185B-41FE-A7C9-D5F0ACA24856}
		{2AC66756-CE8C-4741-BBDC-2E2C254D4041} = {C8A9AA53-185B-41FE-A7C9-D5F0ACA24856}
		{7A4520E9-45FD-4E56-9ECC-E0E80901D8D9} = {FBFE6602-BE27-41AC-BBA7-0B990E472742}
		{52984E5E-264D-4EDF-A69C-DF5154F9A587} = {7A4520E9-45FD-4E56-9ECC-E0E80901D8D9}
		{05EFA3B4-7ECE-42AE-B149-A4FECD6133C5} = {7A4520E9-45FD-4E56-9ECC-E0E80901D8D9}
		{710D6B30-A3B1-4DE8-8C9D-76D365B841F6} = {CB3B1FE9-F9B1-49AA-B7E1-C570FBC76311}
		{E99B16DD-0CBF-428A-A3AC-3FAE6F96586B} = {710D6B30-A3B1-4DE8-8C9D-76D365B841F6}
		{EAA93A7A-F4E9-494E-9E2A-265FC9092369} = {CB3B1FE9-F9B1-49AA-B7E1-C570FBC76311}
		{1BF674E1-C21D-4B92-9783-8CF8B44A218C} = {EAA93A7A-F4E9-494E-9E2A-265FC9092369}
		{34105E7A-0EB6-49B8-AD21-B82F69F4DEC3} = {CB3B1FE9-F9B1-49AA-B7E1-C570FBC76311}
		{EAD18B76-7669-4A84-A08D-16644FBEDE41} = {34105E7A-0EB6-49B8-AD21-B82F69F4DEC3}
		{7C122C83-A862-4BD4-8028-9128D3C502F4} = {34105E7A-0EB6-49B8-AD21-B82F69F4DEC3}
		{E58D9D7F-AEB9-4592-B96B-06F4BB839E61} = {EAA93A7A-F4E9-494E-9E2A-265FC9092369}
		{B06F6F0C-261C-40E9-A799-425C7E81A0CB} = {5FE4605A-D177-4F85-A0D3-1A68478A7EB4}
		{EC131129-019E-4C09-B989-F860E1934DA4} = {B06F6F0C-261C-40E9-A799-425C7E81A0CB}
		{36408F8F-98AA-4A47-A92F-4C83F8F4A3E1} = {5FE4605A-D177-4F85-A0D3-1A68478A7EB4}
		{AD7B72B2-A3FB-4A8C-AF17-1C197AB999A1} = {36408F8F-98AA-4A47-A92F-4C83F8F4A3E1}
		{BC94A56C-CD3E-4EC4-94B4-68A1B18C3552} = {36408F8F-98AA-4A47-A92F-4C83F8F4A3E1}
		{EEE6990C-4C95-4EE7-B510-4FE068F9E632} = {5FE4605A-D177-4F85-A0D3-1A68478A7EB4}
		{6D118C0B-8D5D-489E-AA8F-A62EC0D571A9} = {EEE6990C-4C95-4EE7-B510-4FE068F9E632}
		{A86020F3-F376-4E3C-BE79-F9786AB0EA35} = {EEE6990C-4C95-4EE7-B510-4FE068F9E632}
	EndGlobalSection
EndGlobal
